// !$*UTF8*$!
{
	archiveVersion = 1;
	classes = {
	};
	objectVersion = 46;
	objects = {

/* Begin PBXBuildFile section */
		9258D20B1E7DAEA30094DB67 /* AppDelegate.swift in Sources */ = {isa = PBXBuildFile; fileRef = 9258D20A1E7DAEA30094DB67 /* AppDelegate.swift */; };
		9258D20D1E7DAEA30094DB67 /* ViewController.swift in Sources */ = {isa = PBXBuildFile; fileRef = 9258D20C1E7DAEA30094DB67 /* ViewController.swift */; };
		9258D2101E7DAEA30094DB67 /* Main.storyboard in Resources */ = {isa = PBXBuildFile; fileRef = 9258D20E1E7DAEA30094DB67 /* Main.storyboard */; };
		9258D2121E7DAEA30094DB67 /* Assets.xcassets in Resources */ = {isa = PBXBuildFile; fileRef = 9258D2111E7DAEA30094DB67 /* Assets.xcassets */; };
		9258D2151E7DAEA30094DB67 /* LaunchScreen.storyboard in Resources */ = {isa = PBXBuildFile; fileRef = 9258D2131E7DAEA30094DB67 /* LaunchScreen.storyboard */; };
		9258D21D1E7DCA8B0094DB67 /* CustomUITextField.swift in Sources */ = {isa = PBXBuildFile; fileRef = 9258D21C1E7DCA8B0094DB67 /* CustomUITextField.swift */; };
/* End PBXBuildFile section */

/* Begin PBXFileReference section */
		9258D2071E7DAEA30094DB67 /* OneTRAK.app */ = {isa = PBXFileReference; explicitFileType = wrapper.application; includeInIndex = 0; path = OneTRAK.app; sourceTree = BUILT_PRODUCTS_DIR; };
		9258D20A1E7DAEA30094DB67 /* AppDelegate.swift */ = {isa = PBXFileReference; lastKnownFileType = sourcecode.swift; path = AppDelegate.swift; sourceTree = "<group>"; };
		9258D20C1E7DAEA30094DB67 /* ViewController.swift */ = {isa = PBXFileReference; lastKnownFileType = sourcecode.swift; path = ViewController.swift; sourceTree = "<group>"; };
		9258D20F1E7DAEA30094DB67 /* Base */ = {isa = PBXFileReference; lastKnownFileType = file.storyboard; name = Base; path = Base.lproj/Main.storyboard; sourceTree = "<group>"; };
		9258D2111E7DAEA30094DB67 /* Assets.xcassets */ = {isa = PBXFileReference; lastKnownFileType = folder.assetcatalog; path = Assets.xcassets; sourceTree = "<group>"; };
		9258D2141E7DAEA30094DB67 /* Base */ = {isa = PBXFileReference; lastKnownFileType = file.storyboard; name = Base; path = Base.lproj/LaunchScreen.storyboard; sourceTree = "<group>"; };
		9258D2161E7DAEA30094DB67 /* Info.plist */ = {isa = PBXFileReference; lastKnownFileType = text.plist.xml; path = Info.plist; sourceTree = "<group>"; };
		9258D21C1E7DCA8B0094DB67 /* CustomUITextField.swift */ = {isa = PBXFileReference; fileEncoding = 4; lastKnownFileType = sourcecode.swift; path = CustomUITextField.swift; sourceTree = "<group>"; };
/* End PBXFileReference section */

/* Begin PBXFrameworksBuildPhase section */
		9258D2041E7DAEA20094DB67 /* Frameworks */ = {
			isa = PBXFrameworksBuildPhase;
			buildActionMask = 2147483647;
			files = (
			);
			runOnlyForDeploymentPostprocessing = 0;
		};
/* End PBXFrameworksBuildPhase section */

/* Begin PBXGroup section */
		9258D1FE1E7DAEA20094DB67 = {
			isa = PBXGroup;
			children = (
				9258D2091E7DAEA30094DB67 /* OneTRAK */,
				9258D2081E7DAEA30094DB67 /* Products */,
			);
			sourceTree = "<group>";
		};
		9258D2081E7DAEA30094DB67 /* Products */ = {
			isa = PBXGroup;
			children = (
				9258D2071E7DAEA30094DB67 /* OneTRAK.app */,
			);
			name = Products;
			sourceTree = "<group>";
		};
		9258D2091E7DAEA30094DB67 /* OneTRAK */ = {
			isa = PBXGroup;
			children = (
				9258D20A1E7DAEA30094DB67 /* AppDelegate.swift */,
				9258D20C1E7DAEA30094DB67 /* ViewController.swift */,
				9258D21C1E7DCA8B0094DB67 /* CustomUITextField.swift */,
				9258D20E1E7DAEA30094DB67 /* Main.storyboard */,
				9258D2111E7DAEA30094DB67 /* Assets.xcassets */,
				9258D2131E7DAEA30094DB67 /* LaunchScreen.storyboard */,
				9258D2161E7DAEA30094DB67 /* Info.plist */,
			);
			path = OneTRAK;
			sourceTree = "<group>";
		};
/* End PBXGroup section */

/* Begin PBXNativeTarget section */
		9258D2061E7DAEA20094DB67 /* OneTRAK */ = {
			isa = PBXNativeTarget;
			buildConfigurationList = 9258D2191E7DAEA30094DB67 /* Build configuration list for PBXNativeTarget "OneTRAK" */;
			buildPhases = (
				9258D2031E7DAEA20094DB67 /* Sources */,
				9258D2041E7DAEA20094DB67 /* Frameworks */,
				9258D2051E7DAEA20094DB67 /* Resources */,
			);
			buildRules = (
			);
			dependencies = (
			);
			name = OneTRAK;
			productName = OneTRAK;
			productReference = 9258D2071E7DAEA30094DB67 /* OneTRAK.app */;
			productType = "com.apple.product-type.application";
		};
/* End PBXNativeTarget section */

/* Begin PBXProject section */
		9258D1FF1E7DAEA20094DB67 /* Project object */ = {
			isa = PBXProject;
			attributes = {
				LastSwiftUpdateCheck = 0820;
				LastUpgradeCheck = 0820;
				ORGANIZATIONNAME = Tceh;
				TargetAttributes = {
					9258D2061E7DAEA20094DB67 = {
						CreatedOnToolsVersion = 8.2.1;
						DevelopmentTeam = 7EGSVDHFU4;
						ProvisioningStyle = Automatic;
					};
				};
			};
			buildConfigurationList = 9258D2021E7DAEA20094DB67 /* Build configuration list for PBXProject "OneTRAK" */;
			compatibilityVersion = "Xcode 3.2";
			developmentRegion = English;
			hasScannedForEncodings = 0;
			knownRegions = (
				en,
				Base,
			);
			mainGroup = 9258D1FE1E7DAEA20094DB67;
			productRefGroup = 9258D2081E7DAEA30094DB67 /* Products */;
			projectDirPath = "";
			projectRoot = "";
			targets = (
				9258D2061E7DAEA20094DB67 /* OneTRAK */,
			);
		};
/* End PBXProject section */

/* Begin PBXResourcesBuildPhase section */
		9258D2051E7DAEA20094DB67 /* Resources */ = {
			isa = PBXResourcesBuildPhase;
			buildActionMask = 2147483647;
			files = (
				9258D2151E7DAEA30094DB67 /* LaunchScreen.storyboard in Resources */,
				9258D2121E7DAEA30094DB67 /* Assets.xcassets in Resources */,
				9258D2101E7DAEA30094DB67 /* Main.storyboard in Resources */,
			);
			runOnlyForDeploymentPostprocessing = 0;
		};
/* End PBXResourcesBuildPhase section */

/* Begin PBXSourcesBuildPhase section */
		9258D2031E7DAEA20094DB67 /* Sources */ = {
			isa = PBXSourcesBuildPhase;
			buildActionMask = 2147483647;
			files = (
				9258D20D1E7DAEA30094DB67 /* ViewController.swift in Sources */,
				9258D21D1E7DCA8B0094DB67 /* CustomUITextField.swift in Sources */,
				9258D20B1E7DAEA30094DB67 /* AppDelegate.swift in Sources */,
			);
			runOnlyForDeploymentPostprocessing = 0;
		};
/* End PBXSourcesBuildPhase section */

/* Begin PBXVariantGroup section */
		9258D20E1E7DAEA30094DB67 /* Main.storyboard */ = {
			isa = PBXVariantGroup;
			children = (
				9258D20F1E7DAEA30094DB67 /* Base */,
			);
			name = Main.storyboard;
			sourceTree = "<group>";
		};
		9258D2131E7DAEA30094DB67 /* LaunchScreen.storyboard */ = {
			isa = PBXVariantGroup;
			children = (
				9258D2141E7DAEA30094DB67 /* Base */,
			);
			name = LaunchScreen.storyboard;
			sourceTree = "<group>";
		};
/* End PBXVariantGroup section */

/* Begin XCBuildConfiguration section */
		9258D2171E7DAEA30094DB67 /* Debug */ = {
			isa = XCBuildConfiguration;
			buildSettings = {
				ALWAYS_SEARCH_USER_PATHS = NO;
				CLANG_ANALYZER_NONNULL = YES;
				CLANG_CXX_LANGUAGE_STANDARD = "gnu++0x";
				CLANG_CXX_LIBRARY = "libc++";
				CLANG_ENABLE_MODULES = YES;
				CLANG_ENABLE_OBJC_ARC = YES;
				CLANG_WARN_BOOL_CONVERSION = YES;
				CLANG_WARN_CONSTANT_CONVERSION = YES;
				CLANG_WARN_DIRECT_OBJC_ISA_USAGE = YES_ERROR;
				CLANG_WARN_DOCUMENTATION_COMMENTS = YES;
				CLANG_WARN_EMPTY_BODY = YES;
				CLANG_WARN_ENUM_CONVERSION = YES;
				CLANG_WARN_INFINITE_RECURSION = YES;
				CLANG_WARN_INT_CONVERSION = YES;
				CLANG_WARN_OBJC_ROOT_CLASS = YES_ERROR;
				CLANG_WARN_SUSPICIOUS_MOVE = YES;
				CLANG_WARN_UNREACHABLE_CODE = YES;
				CLANG_WARN__DUPLICATE_METHOD_MATCH = YES;
				"CODE_SIGN_IDENTITY[sdk=iphoneos*]" = "iPhone Developer";
				COPY_PHASE_STRIP = NO;
				DEBUG_INFORMATION_FORMAT = dwarf;
				ENABLE_STRICT_OBJC_MSGSEND = YES;
				ENABLE_TESTABILITY = YES;
				GCC_C_LANGUAGE_STANDARD = gnu99;
				GCC_DYNAMIC_NO_PIC = NO;
				GCC_NO_COMMON_BLOCKS = YES;
				GCC_OPTIMIZATION_LEVEL = 0;
				GCC_PREPROCESSOR_DEFINITIONS = (
					"DEBUG=1",
					"$(inherited)",
				);
				GCC_WARN_64_TO_32_BIT_CONVERSION = YES;
				GCC_WARN_ABOUT_RETURN_TYPE = YES_ERROR;
				GCC_WARN_UNDECLARED_SELECTOR = YES;
				GCC_WARN_UNINITIALIZED_AUTOS = YES_AGGRESSIVE;
				GCC_WARN_UNUSED_FUNCTION = YES;
				GCC_WARN_UNUSED_VARIABLE = YES;
				IPHONEOS_DEPLOYMENT_TARGET = 10.2;
				MTL_ENABLE_DEBUG_INFO = YES;
				ONLY_ACTIVE_ARCH = YES;
				SDKROOT = iphoneos;
				SWIFT_ACTIVE_COMPILATION_CONDITIONS = DEBUG;
				SWIFT_OPTIMIZATION_LEVEL = "-Onone";
			};
			name = Debug;
		};
		9258D2181E7DAEA30094DB67 /* Release */ = {
			isa = XCBuildConfiguration;
			buildSettings = {
				ALWAYS_SEARCH_USER_PATHS = NO;
				CLANG_ANALYZER_NONNULL = YES;
				CLANG_CXX_LANGUAGE_STANDARD = "gnu++0x";
				CLANG_CXX_LIBRARY = "libc++";
				CLANG_ENABLE_MODULES = YES;
				CLANG_ENABLE_OBJC_ARC = YES;
				CLANG_WARN_BOOL_CONVERSION = YES;
				CLANG_WARN_CONSTANT_CONVERSION = YES;
				CLANG_WARN_DIRECT_OBJC_ISA_USAGE = YES_ERROR;
				CLANG_WARN_DOCUMENTATION_COMMENTS = YES;
				CLANG_WARN_EMPTY_BODY = YES;
				CLANG_WARN_ENUM_CONVERSION = YES;
				CLANG_WARN_INFINITE_RECURSION = YES;
				CLANG_WARN_INT_CONVERSION = YES;
				CLANG_WARN_OBJC_ROOT_CLASS = YES_ERROR;
				CLANG_WARN_SUSPICIOUS_MOVE = YES;
				CLANG_WARN_UNREACHABLE_CODE = YES;
				CLANG_WARN__DUPLICATE_METHOD_MATCH = YES;
				"CODE_SIGN_IDENTITY[sdk=iphoneos*]" = "iPhone Developer";
				COPY_PHASE_STRIP = NO;
				DEBUG_INFORMATION_FORMAT = "dwarf-with-dsym";
				ENABLE_NS_ASSERTIONS = NO;
				ENABLE_STRICT_OBJC_MSGSEND = YES;
				GCC_C_LANGUAGE_STANDARD = gnu99;
				GCC_NO_COMMON_BLOCKS = YES;
				GCC_WARN_64_TO_32_BIT_CONVERSION = YES;
				GCC_WARN_ABOUT_RETURN_TYPE = YES_ERROR;
				GCC_WARN_UNDECLARED_SELECTOR = YES;
				GCC_WARN_UNINITIALIZED_AUTOS = YES_AGGRESSIVE;
				GCC_WARN_UNUSED_FUNCTION = YES;
				GCC_WARN_UNUSED_VARIABLE = YES;
				IPHONEOS_DEPLOYMENT_TARGET = 10.2;
				MTL_ENABLE_DEBUG_INFO = NO;
				SDKROOT = iphoneos;
				SWIFT_OPTIMIZATION_LEVEL = "-Owholemodule";
				VALIDATE_PRODUCT = YES;
			};
			name = Release;
		};
		9258D21A1E7DAEA30094DB67 /* Debug */ = {
			isa = XCBuildConfiguration;
			buildSettings = {
				ASSETCATALOG_COMPILER_APPICON_NAME = AppIcon;
				DEVELOPMENT_TEAM = 7EGSVDHFU4;
				INFOPLIST_FILE = OneTRAK/Info.plist;
				LD_RUNPATH_SEARCH_PATHS = "$(inherited) @executable_path/Frameworks";
				PRODUCT_BUNDLE_IDENTIFIER = ru.svoiadmin.OneTRAK;
				PRODUCT_NAME = "$(TARGET_NAME)";
				SWIFT_VERSION = 3.0;
			};
			name = Debug;
		};
		9258D21B1E7DAEA30094DB67 /* Release */ = {
			isa = XCBuildConfiguration;
			buildSettings = {
				ASSETCATALOG_COMPILER_APPICON_NAME = AppIcon;
				DEVELOPMENT_TEAM = 7EGSVDHFU4;
				INFOPLIST_FILE = OneTRAK/Info.plist;
				LD_RUNPATH_SEARCH_PATHS = "$(inherited) @executable_path/Frameworks";
				PRODUCT_BUNDLE_IDENTIFIER = ru.svoiadmin.OneTRAK;
				PRODUCT_NAME = "$(TARGET_NAME)";
				SWIFT_VERSION = 3.0;
			};
			name = Release;
		};
/* End XCBuildConfiguration section */

/* Begin XCConfigurationList section */
		9258D2021E7DAEA20094DB67 /* Build configuration list for PBXProject "OneTRAK" */ = {
			isa = XCConfigurationList;
			buildConfigurations = (
				9258D2171E7DAEA30094DB67 /* Debug */,
				9258D2181E7DAEA30094DB67 /* Release */,
			);
			defaultConfigurationIsVisible = 0;
			defaultConfigurationName = Release;
		};
		9258D2191E7DAEA30094DB67 /* Build configuration list for PBXNativeTarget "OneTRAK" */ = {
			isa = XCConfigurationList;
			buildConfigurations = (
				9258D21A1E7DAEA30094DB67 /* Debug */,
				9258D21B1E7DAEA30094DB67 /* Release */,
			);
			defaultConfigurationIsVisible = 0;
		};
/* End XCConfigurationList section */
	};
	rootObject = 9258D1FF1E7DAEA20094DB67 /* Project object */;
}
